
Microsoft Visual Studio Solution File, Format Version 12.00
# Visual Studio Version 17
VisualStudioVersion = 17.4.33205.214
MinimumVisualStudioVersion = 10.0.40219.1
Project("{9A19103F-16F7-4668-BE54-9A1E7A4F7556}") = "BooleanExpressionParser", "BooleanExpressionParser.csproj", "{BDB68096-DA0E-4758-9671-F476798F905C}"
EndProject
Global
	GlobalSection(SolutionConfigurationPlatforms) = preSolution
		Debug|Any CPU = Debug|Any CPU
		Release|Any CPU = Release|Any CPU
	EndGlobalSection
	GlobalSection(ProjectConfigurationPlatforms) = postSolution
		{BDB68096-DA0E-4758-9671-F476798F905C}.Debug|Any CPU.ActiveCfg = Debug|Any CPU
		{BDB68096-DA0E-4758-9671-F476798F905C}.Debug|Any CPU.Build.0 = Debug|Any CPU
		{BDB68096-DA0E-4758-9671-F476798F905C}.Release|Any CPU.ActiveCfg = Release|Any CPU
		{BDB68096-DA0E-4758-9671-F476798F905C}.Release|Any CPU.Build.0 = Release|Any CPU
	EndGlobalSection
	GlobalSection(SolutionProperties) = preSolution
		HideSolutionNode = FALSE
	EndGlobalSection
	GlobalSection(ExtensibilityGlobals) = postSolution
		SolutionGuid = {F477703A-9B05-4F32-978E-6FE0D9AED1A3}
	EndGlobalSection
EndGlobal
