
Microsoft Visual Studio Solution File, Format Version 12.00
# Visual Studio Version 17
VisualStudioVersion = 17.3.32929.385
MinimumVisualStudioVersion = 10.0.40219.1
Project("{9A19103F-16F7-4668-BE54-9A1E7A4F7556}") = "BooleanExpressionParserWeb.Server", "BooleanExpressionParserWeb\Server\BooleanExpressionParserWeb.Server.csproj", "{EFC1EAC1-6D78-4788-9703-6C150F8D76C1}"
EndProject
Project("{9A19103F-16F7-4668-BE54-9A1E7A4F7556}") = "BooleanExpressionParserWeb.Client", "BooleanExpressionParserWeb\Client\BooleanExpressionParserWeb.Client.csproj", "{86A5CC74-4C1E-4DFB-8544-435FD57F9FCE}"
EndProject
Project("{9A19103F-16F7-4668-BE54-9A1E7A4F7556}") = "BooleanExpressionParserWeb.Shared", "BooleanExpressionParserWeb\Shared\BooleanExpressionParserWeb.Shared.csproj", "{7CDB4F8B-40C9-4A32-9BD5-079246361A82}"
EndProject
Global
	GlobalSection(SolutionConfigurationPlatforms) = preSolution
		Debug|Any CPU = Debug|Any CPU
		Release|Any CPU = Release|Any CPU
	EndGlobalSection
	GlobalSection(ProjectConfigurationPlatforms) = postSolution
		{EFC1EAC1-6D78-4788-9703-6C150F8D76C1}.Debug|Any CPU.ActiveCfg = Debug|Any CPU
		{EFC1EAC1-6D78-4788-9703-6C150F8D76C1}.Debug|Any CPU.Build.0 = Debug|Any CPU
		{EFC1EAC1-6D78-4788-9703-6C150F8D76C1}.Release|Any CPU.ActiveCfg = Release|Any CPU
		{EFC1EAC1-6D78-4788-9703-6C150F8D76C1}.Release|Any CPU.Build.0 = Release|Any CPU
		{86A5CC74-4C1E-4DFB-8544-435FD57F9FCE}.Debug|Any CPU.ActiveCfg = Debug|Any CPU
		{86A5CC74-4C1E-4DFB-8544-435FD57F9FCE}.Debug|Any CPU.Build.0 = Debug|Any CPU
		{86A5CC74-4C1E-4DFB-8544-435FD57F9FCE}.Release|Any CPU.ActiveCfg = Release|Any CPU
		{86A5CC74-4C1E-4DFB-8544-435FD57F9FCE}.Release|Any CPU.Build.0 = Release|Any CPU
		{7CDB4F8B-40C9-4A32-9BD5-079246361A82}.Debug|Any CPU.ActiveCfg = Debug|Any CPU
		{7CDB4F8B-40C9-4A32-9BD5-079246361A82}.Debug|Any CPU.Build.0 = Debug|Any CPU
		{7CDB4F8B-40C9-4A32-9BD5-079246361A82}.Release|Any CPU.ActiveCfg = Release|Any CPU
		{7CDB4F8B-40C9-4A32-9BD5-079246361A82}.Release|Any CPU.Build.0 = Release|Any CPU
	EndGlobalSection
	GlobalSection(SolutionProperties) = preSolution
		HideSolutionNode = FALSE
	EndGlobalSection
	GlobalSection(ExtensibilityGlobals) = postSolution
		SolutionGuid = {9EE380C5-263C-433B-8C03-27B33D209106}
	EndGlobalSection
EndGlobal
